{
  "name": "Cnblogs",
  "lockfileVersion": 3,
  "requires": true,
  "packages": {
    "": {
      "devDependencies": {
        "playwright-chromium": "^1.33.0"
      }
    },
    "node_modules/playwright-chromium": {
      "version": "1.33.0",
      "resolved": "https://registry.npmjs.org/playwright-chromium/-/playwright-chromium-1.33.0.tgz",
      "integrity": "sha512-aG2IqRp7Q6vRltZFT+N2stWwDUH2fEUTOTv8RxSKMK5QmIQQoNL9nJvNMIJ3yLuin8+coaa3mhJXjjUheo0+/A==",
      "dev": true,
      "hasInstallScript": true,
      "dependencies": {
        "playwright-core": "1.33.0"
      },
      "bin": {
        "playwright": "cli.js"
      },
      "engines": {
        "node": ">=14"
      }
    },
    "node_modules/playwright-core": {
      "version": "1.33.0",
      "resolved": "https://registry.npmjs.org/playwright-core/-/playwright-core-1.33.0.tgz",
      "integrity": "sha512-aizyPE1Cj62vAECdph1iaMILpT0WUDCq3E6rW6I+dleSbBoGbktvJtzS6VHkZ4DKNEOG9qJpiom/ZxO+S15LAw==",
      "dev": true,
      "bin": {
        "playwright": "cli.js"
      },
      "engines": {
        "node": ">=14"
      }
    }
  }
}
